// !$*UTF8*$!
{
	archiveVersion = 1;
	classes = {
	};
	objectVersion = 46;
	objects = {

/* Begin PBXBuildFile section */
		4FBB722D1B6370D2009722F0 /* main.m in Sources */ = {isa = PBXBuildFile; fileRef = 4FBB722C1B6370D2009722F0 /* main.m */; };
		4FBB72301B6370D2009722F0 /* AppDelegate.m in Sources */ = {isa = PBXBuildFile; fileRef = 4FBB722F1B6370D2009722F0 /* AppDelegate.m */; };
		4FBB72361B6370D2009722F0 /* Main.storyboard in Resources */ = {isa = PBXBuildFile; fileRef = 4FBB72341B6370D2009722F0 /* Main.storyboard */; };
		4FBB72381B6370D2009722F0 /* Images.xcassets in Resources */ = {isa = PBXBuildFile; fileRef = 4FBB72371B6370D2009722F0 /* Images.xcassets */; };
		4FBB723B1B6370D2009722F0 /* LaunchScreen.xib in Resources */ = {isa = PBXBuildFile; fileRef = 4FBB72391B6370D2009722F0 /* LaunchScreen.xib */; };
		4FBB72471B6370D2009722F0 /* iPhogAminationTests.m in Sources */ = {isa = PBXBuildFile; fileRef = 4FBB72461B6370D2009722F0 /* iPhogAminationTests.m */; };
		4FBB72521B637561009722F0 /* PL1AnimationDemoViewController.m in Sources */ = {isa = PBXBuildFile; fileRef = 4FBB72511B637561009722F0 /* PL1AnimationDemoViewController.m */; };
/* End PBXBuildFile section */

/* Begin PBXContainerItemProxy section */
		4FBB72411B6370D2009722F0 /* PBXContainerItemProxy */ = {
			isa = PBXContainerItemProxy;
			containerPortal = 4FBB721F1B6370D1009722F0 /* Project object */;
			proxyType = 1;
			remoteGlobalIDString = 4FBB72261B6370D2009722F0;
			remoteInfo = iPhogAmination;
		};
/* End PBXContainerItemProxy section */

/* Begin PBXFileReference section */
		4FBB72271B6370D2009722F0 /* iPhogAmination.app */ = {isa = PBXFileReference; explicitFileType = wrapper.application; includeInIndex = 0; path = iPhogAmination.app; sourceTree = BUILT_PRODUCTS_DIR; };
		4FBB722B1B6370D2009722F0 /* Info.plist */ = {isa = PBXFileReference; lastKnownFileType = text.plist.xml; path = Info.plist; sourceTree = "<group>"; };
		4FBB722C1B6370D2009722F0 /* main.m */ = {isa = PBXFileReference; lastKnownFileType = sourcecode.c.objc; path = main.m; sourceTree = "<group>"; };
		4FBB722E1B6370D2009722F0 /* AppDelegate.h */ = {isa = PBXFileReference; lastKnownFileType = sourcecode.c.h; path = AppDelegate.h; sourceTree = "<group>"; };
		4FBB722F1B6370D2009722F0 /* AppDelegate.m */ = {isa = PBXFileReference; lastKnownFileType = sourcecode.c.objc; path = AppDelegate.m; sourceTree = "<group>"; };
		4FBB72351B6370D2009722F0 /* Base */ = {isa = PBXFileReference; lastKnownFileType = file.storyboard; name = Base; path = Base.lproj/Main.storyboard; sourceTree = "<group>"; };
		4FBB72371B6370D2009722F0 /* Images.xcassets */ = {isa = PBXFileReference; lastKnownFileType = folder.assetcatalog; path = Images.xcassets; sourceTree = "<group>"; };
		4FBB723A1B6370D2009722F0 /* Base */ = {isa = PBXFileReference; lastKnownFileType = file.xib; name = Base; path = Base.lproj/LaunchScreen.xib; sourceTree = "<group>"; };
		4FBB72401B6370D2009722F0 /* iPhogAminationTests.xctest */ = {isa = PBXFileReference; explicitFileType = wrapper.cfbundle; includeInIndex = 0; path = iPhogAminationTests.xctest; sourceTree = BUILT_PRODUCTS_DIR; };
		4FBB72451B6370D2009722F0 /* Info.plist */ = {isa = PBXFileReference; lastKnownFileType = text.plist.xml; path = Info.plist; sourceTree = "<group>"; };
		4FBB72461B6370D2009722F0 /* iPhogAminationTests.m */ = {isa = PBXFileReference; lastKnownFileType = sourcecode.c.objc; path = iPhogAminationTests.m; sourceTree = "<group>"; };
		4FBB72501B637561009722F0 /* PL1AnimationDemoViewController.h */ = {isa = PBXFileReference; fileEncoding = 4; lastKnownFileType = sourcecode.c.h; path = PL1AnimationDemoViewController.h; sourceTree = "<group>"; };
		4FBB72511B637561009722F0 /* PL1AnimationDemoViewController.m */ = {isa = PBXFileReference; fileEncoding = 4; lastKnownFileType = sourcecode.c.objc; path = PL1AnimationDemoViewController.m; sourceTree = "<group>"; };
/* End PBXFileReference section */

/* Begin PBXFrameworksBuildPhase section */
		4FBB72241B6370D2009722F0 /* Frameworks */ = {
			isa = PBXFrameworksBuildPhase;
			buildActionMask = 2147483647;
			files = (
			);
			runOnlyForDeploymentPostprocessing = 0;
		};
		4FBB723D1B6370D2009722F0 /* Frameworks */ = {
			isa = PBXFrameworksBuildPhase;
			buildActionMask = 2147483647;
			files = (
			);
			runOnlyForDeploymentPostprocessing = 0;
		};
/* End PBXFrameworksBuildPhase section */

/* Begin PBXGroup section */
		4FBB721E1B6370D1009722F0 = {
			isa = PBXGroup;
			children = (
				4FBB72291B6370D2009722F0 /* iPhogAmination */,
				4FBB72431B6370D2009722F0 /* iPhogAminationTests */,
				4FBB72281B6370D2009722F0 /* Products */,
			);
			sourceTree = "<group>";
		};
		4FBB72281B6370D2009722F0 /* Products */ = {
			isa = PBXGroup;
			children = (
				4FBB72271B6370D2009722F0 /* iPhogAmination.app */,
				4FBB72401B6370D2009722F0 /* iPhogAminationTests.xctest */,
			);
			name = Products;
			sourceTree = "<group>";
		};
		4FBB72291B6370D2009722F0 /* iPhogAmination */ = {
			isa = PBXGroup;
			children = (
				4FBB72531B63757A009722F0 /* ViewControllers */,
				4FBB722E1B6370D2009722F0 /* AppDelegate.h */,
				4FBB722F1B6370D2009722F0 /* AppDelegate.m */,
				4FBB72341B6370D2009722F0 /* Main.storyboard */,
				4FBB72371B6370D2009722F0 /* Images.xcassets */,
				4FBB72391B6370D2009722F0 /* LaunchScreen.xib */,
				4FBB722A1B6370D2009722F0 /* Supporting Files */,
			);
			path = iPhogAmination;
			sourceTree = "<group>";
		};
		4FBB722A1B6370D2009722F0 /* Supporting Files */ = {
			isa = PBXGroup;
			children = (
				4FBB722B1B6370D2009722F0 /* Info.plist */,
				4FBB722C1B6370D2009722F0 /* main.m */,
			);
			name = "Supporting Files";
			sourceTree = "<group>";
		};
		4FBB72431B6370D2009722F0 /* iPhogAminationTests */ = {
			isa = PBXGroup;
			children = (
				4FBB72461B6370D2009722F0 /* iPhogAminationTests.m */,
				4FBB72441B6370D2009722F0 /* Supporting Files */,
			);
			path = iPhogAminationTests;
			sourceTree = "<group>";
		};
		4FBB72441B6370D2009722F0 /* Supporting Files */ = {
			isa = PBXGroup;
			children = (
				4FBB72451B6370D2009722F0 /* Info.plist */,
			);
			name = "Supporting Files";
			sourceTree = "<group>";
		};
		4FBB72531B63757A009722F0 /* ViewControllers */ = {
			isa = PBXGroup;
			children = (
				4FBB72501B637561009722F0 /* PL1AnimationDemoViewController.h */,
				4FBB72511B637561009722F0 /* PL1AnimationDemoViewController.m */,
			);
			name = ViewControllers;
			sourceTree = "<group>";
		};
/* End PBXGroup section */

/* Begin PBXNativeTarget section */
		4FBB72261B6370D2009722F0 /* iPhogAmination */ = {
			isa = PBXNativeTarget;
			buildConfigurationList = 4FBB724A1B6370D2009722F0 /* Build configuration list for PBXNativeTarget "iPhogAmination" */;
			buildPhases = (
				4FBB72231B6370D2009722F0 /* Sources */,
				4FBB72241B6370D2009722F0 /* Frameworks */,
				4FBB72251B6370D2009722F0 /* Resources */,
			);
			buildRules = (
			);
			dependencies = (
			);
			name = iPhogAmination;
			productName = iPhogAmination;
			productReference = 4FBB72271B6370D2009722F0 /* iPhogAmination.app */;
			productType = "com.apple.product-type.application";
		};
		4FBB723F1B6370D2009722F0 /* iPhogAminationTests */ = {
			isa = PBXNativeTarget;
			buildConfigurationList = 4FBB724D1B6370D2009722F0 /* Build configuration list for PBXNativeTarget "iPhogAminationTests" */;
			buildPhases = (
				4FBB723C1B6370D2009722F0 /* Sources */,
				4FBB723D1B6370D2009722F0 /* Frameworks */,
				4FBB723E1B6370D2009722F0 /* Resources */,
			);
			buildRules = (
			);
			dependencies = (
				4FBB72421B6370D2009722F0 /* PBXTargetDependency */,
			);
			name = iPhogAminationTests;
			productName = iPhogAminationTests;
			productReference = 4FBB72401B6370D2009722F0 /* iPhogAminationTests.xctest */;
			productType = "com.apple.product-type.bundle.unit-test";
		};
/* End PBXNativeTarget section */

/* Begin PBXProject section */
		4FBB721F1B6370D1009722F0 /* Project object */ = {
			isa = PBXProject;
			attributes = {
				LastUpgradeCheck = 0640;
				ORGANIZATIONNAME = "Nikolay Shubenkov";
				TargetAttributes = {
					4FBB72261B6370D2009722F0 = {
						CreatedOnToolsVersion = 6.4;
					};
					4FBB723F1B6370D2009722F0 = {
						CreatedOnToolsVersion = 6.4;
						TestTargetID = 4FBB72261B6370D2009722F0;
					};
				};
			};
			buildConfigurationList = 4FBB72221B6370D1009722F0 /* Build configuration list for PBXProject "iPhogAmination" */;
			compatibilityVersion = "Xcode 3.2";
			developmentRegion = English;
			hasScannedForEncodings = 0;
			knownRegions = (
				en,
				Base,
			);
			mainGroup = 4FBB721E1B6370D1009722F0;
			productRefGroup = 4FBB72281B6370D2009722F0 /* Products */;
			projectDirPath = "";
			projectRoot = "";
			targets = (
				4FBB72261B6370D2009722F0 /* iPhogAmination */,
				4FBB723F1B6370D2009722F0 /* iPhogAminationTests */,
			);
		};
/* End PBXProject section */

/* Begin PBXResourcesBuildPhase section */
		4FBB72251B6370D2009722F0 /* Resources */ = {
			isa = PBXResourcesBuildPhase;
			buildActionMask = 2147483647;
			files = (
				4FBB72361B6370D2009722F0 /* Main.storyboard in Resources */,
				4FBB723B1B6370D2009722F0 /* LaunchScreen.xib in Resources */,
				4FBB72381B6370D2009722F0 /* Images.xcassets in Resources */,
			);
			runOnlyForDeploymentPostprocessing = 0;
		};
		4FBB723E1B6370D2009722F0 /* Resources */ = {
			isa = PBXResourcesBuildPhase;
			buildActionMask = 2147483647;
			files = (
			);
			runOnlyForDeploymentPostprocessing = 0;
		};
/* End PBXResourcesBuildPhase section */

/* Begin PBXSourcesBuildPhase section */
		4FBB72231B6370D2009722F0 /* Sources */ = {
			isa = PBXSourcesBuildPhase;
			buildActionMask = 2147483647;
			files = (
				4FBB72521B637561009722F0 /* PL1AnimationDemoViewController.m in Sources */,
				4FBB72301B6370D2009722F0 /* AppDelegate.m in Sources */,
				4FBB722D1B6370D2009722F0 /* main.m in Sources */,
			);
			runOnlyForDeploymentPostprocessing = 0;
		};
		4FBB723C1B6370D2009722F0 /* Sources */ = {
			isa = PBXSourcesBuildPhase;
			buildActionMask = 2147483647;
			files = (
				4FBB72471B6370D2009722F0 /* iPhogAminationTests.m in Sources */,
			);
			runOnlyForDeploymentPostprocessing = 0;
		};
/* End PBXSourcesBuildPhase section */

/* Begin PBXTargetDependency section */
		4FBB72421B6370D2009722F0 /* PBXTargetDependency */ = {
			isa = PBXTargetDependency;
			target = 4FBB72261B6370D2009722F0 /* iPhogAmination */;
			targetProxy = 4FBB72411B6370D2009722F0 /* PBXContainerItemProxy */;
		};
/* End PBXTargetDependency section */

/* Begin PBXVariantGroup section */
		4FBB72341B6370D2009722F0 /* Main.storyboard */ = {
			isa = PBXVariantGroup;
			children = (
				4FBB72351B6370D2009722F0 /* Base */,
			);
			name = Main.storyboard;
			sourceTree = "<group>";
		};
		4FBB72391B6370D2009722F0 /* LaunchScreen.xib */ = {
			isa = PBXVariantGroup;
			children = (
				4FBB723A1B6370D2009722F0 /* Base */,
			);
			name = LaunchScreen.xib;
			sourceTree = "<group>";
		};
/* End PBXVariantGroup section */

/* Begin XCBuildConfiguration section */
		4FBB72481B6370D2009722F0 /* Debug */ = {
			isa = XCBuildConfiguration;
			buildSettings = {
				ALWAYS_SEARCH_USER_PATHS = NO;
				CLANG_CXX_LANGUAGE_STANDARD = "gnu++0x";
				CLANG_CXX_LIBRARY = "libc++";
				CLANG_ENABLE_MODULES = YES;
				CLANG_ENABLE_OBJC_ARC = YES;
				CLANG_WARN_BOOL_CONVERSION = YES;
				CLANG_WARN_CONSTANT_CONVERSION = YES;
				CLANG_WARN_DIRECT_OBJC_ISA_USAGE = YES_ERROR;
				CLANG_WARN_EMPTY_BODY = YES;
				CLANG_WARN_ENUM_CONVERSION = YES;
				CLANG_WARN_INT_CONVERSION = YES;
				CLANG_WARN_OBJC_ROOT_CLASS = YES_ERROR;
				CLANG_WARN_UNREACHABLE_CODE = YES;
				CLANG_WARN__DUPLICATE_METHOD_MATCH = YES;
				"CODE_SIGN_IDENTITY[sdk=iphoneos*]" = "iPhone Developer";
				COPY_PHASE_STRIP = NO;
				DEBUG_INFORMATION_FORMAT = "dwarf-with-dsym";
				ENABLE_STRICT_OBJC_MSGSEND = YES;
				GCC_C_LANGUAGE_STANDARD = gnu99;
				GCC_DYNAMIC_NO_PIC = NO;
				GCC_NO_COMMON_BLOCKS = YES;
				GCC_OPTIMIZATION_LEVEL = 0;
				GCC_PREPROCESSOR_DEFINITIONS = (
					"DEBUG=1",
					"$(inherited)",
				);
				GCC_SYMBOLS_PRIVATE_EXTERN = NO;
				GCC_WARN_64_TO_32_BIT_CONVERSION = YES;
				GCC_WARN_ABOUT_RETURN_TYPE = YES_ERROR;
				GCC_WARN_UNDECLARED_SELECTOR = YES;
				GCC_WARN_UNINITIALIZED_AUTOS = YES_AGGRESSIVE;
				GCC_WARN_UNUSED_FUNCTION = YES;
				GCC_WARN_UNUSED_VARIABLE = YES;
				IPHONEOS_DEPLOYMENT_TARGET = 8.4;
				MTL_ENABLE_DEBUG_INFO = YES;
				ONLY_ACTIVE_ARCH = YES;
				SDKROOT = iphoneos;
				TARGETED_DEVICE_FAMILY = "1,2";
			};
			name = Debug;
		};
		4FBB72491B6370D2009722F0 /* Release */ = {
			isa = XCBuildConfiguration;
			buildSettings = {
				ALWAYS_SEARCH_USER_PATHS = NO;
				CLANG_CXX_LANGUAGE_STANDARD = "gnu++0x";
				CLANG_CXX_LIBRARY = "libc++";
				CLANG_ENABLE_MODULES = YES;
				CLANG_ENABLE_OBJC_ARC = YES;
				CLANG_WARN_BOOL_CONVERSION = YES;
				CLANG_WARN_CONSTANT_CONVERSION = YES;
				CLANG_WARN_DIRECT_OBJC_ISA_USAGE = YES_ERROR;
				CLANG_WARN_EMPTY_BODY = YES;
				CLANG_WARN_ENUM_CONVERSION = YES;
				CLANG_WARN_INT_CONVERSION = YES;
				CLANG_WARN_OBJC_ROOT_CLASS = YES_ERROR;
				CLANG_WARN_UNREACHABLE_CODE = YES;
				CLANG_WARN__DUPLICATE_METHOD_MATCH = YES;
				"CODE_SIGN_IDENTITY[sdk=iphoneos*]" = "iPhone Developer";
				COPY_PHASE_STRIP = NO;
				DEBUG_INFORMATION_FORMAT = "dwarf-with-dsym";
				ENABLE_NS_ASSERTIONS = NO;
				ENABLE_STRICT_OBJC_MSGSEND = YES;
				GCC_C_LANGUAGE_STANDARD = gnu99;
				GCC_NO_COMMON_BLOCKS = YES;
				GCC_WARN_64_TO_32_BIT_CONVERSION = YES;
				GCC_WARN_ABOUT_RETURN_TYPE = YES_ERROR;
				GCC_WARN_UNDECLARED_SELECTOR = YES;
				GCC_WARN_UNINITIALIZED_AUTOS = YES_AGGRESSIVE;
				GCC_WARN_UNUSED_FUNCTION = YES;
				GCC_WARN_UNUSED_VARIABLE = YES;
				IPHONEOS_DEPLOYMENT_TARGET = 8.4;
				MTL_ENABLE_DEBUG_INFO = NO;
				SDKROOT = iphoneos;
				TARGETED_DEVICE_FAMILY = "1,2";
				VALIDATE_PRODUCT = YES;
			};
			name = Release;
		};
		4FBB724B1B6370D2009722F0 /* Debug */ = {
			isa = XCBuildConfiguration;
			buildSettings = {
				ASSETCATALOG_COMPILER_APPICON_NAME = AppIcon;
				INFOPLIST_FILE = iPhogAmination/Info.plist;
				LD_RUNPATH_SEARCH_PATHS = "$(inherited) @executable_path/Frameworks";
				PRODUCT_NAME = "$(TARGET_NAME)";
			};
			name = Debug;
		};
		4FBB724C1B6370D2009722F0 /* Release */ = {
			isa = XCBuildConfiguration;
			buildSettings = {
				ASSETCATALOG_COMPILER_APPICON_NAME = AppIcon;
				INFOPLIST_FILE = iPhogAmination/Info.plist;
				LD_RUNPATH_SEARCH_PATHS = "$(inherited) @executable_path/Frameworks";
				PRODUCT_NAME = "$(TARGET_NAME)";
			};
			name = Release;
		};
		4FBB724E1B6370D2009722F0 /* Debug */ = {
			isa = XCBuildConfiguration;
			buildSettings = {
				BUNDLE_LOADER = "$(TEST_HOST)";
				FRAMEWORK_SEARCH_PATHS = (
					"$(SDKROOT)/Developer/Library/Frameworks",
					"$(inherited)",
				);
				GCC_PREPROCESSOR_DEFINITIONS = (
					"DEBUG=1",
					"$(inherited)",
				);
				INFOPLIST_FILE = iPhogAminationTests/Info.plist;
				LD_RUNPATH_SEARCH_PATHS = "$(inherited) @executable_path/Frameworks @loader_path/Frameworks";
				PRODUCT_NAME = "$(TARGET_NAME)";
				TEST_HOST = "$(BUILT_PRODUCTS_DIR)/iPhogAmination.app/iPhogAmination";
			};
			name = Debug;
		};
		4FBB724F1B6370D2009722F0 /* Release */ = {
			isa = XCBuildConfiguration;
			buildSettings = {
				BUNDLE_LOADER = "$(TEST_HOST)";
				FRAMEWORK_SEARCH_PATHS = (
					"$(SDKROOT)/Developer/Library/Frameworks",
					"$(inherited)",
				);
				INFOPLIST_FILE = iPhogAminationTests/Info.plist;
				LD_RUNPATH_SEARCH_PATHS = "$(inherited) @executable_path/Frameworks @loader_path/Frameworks";
				PRODUCT_NAME = "$(TARGET_NAME)";
				TEST_HOST = "$(BUILT_PRODUCTS_DIR)/iPhogAmination.app/iPhogAmination";
			};
			name = Release;
		};
/* End XCBuildConfiguration section */

/* Begin XCConfigurationList section */
		4FBB72221B6370D1009722F0 /* Build configuration list for PBXProject "iPhogAmination" */ = {
			isa = XCConfigurationList;
			buildConfigurations = (
				4FBB72481B6370D2009722F0 /* Debug */,
				4FBB72491B6370D2009722F0 /* Release */,
			);
			defaultConfigurationIsVisible = 0;
			defaultConfigurationName = Release;
		};
		4FBB724A1B6370D2009722F0 /* Build configuration list for PBXNativeTarget "iPhogAmination" */ = {
			isa = XCConfigurationList;
			buildConfigurations = (
				4FBB724B1B6370D2009722F0 /* Debug */,
				4FBB724C1B6370D2009722F0 /* Release */,
			);
			defaultConfigurationIsVisible = 0;
			defaultConfigurationName = Release;
		};
		4FBB724D1B6370D2009722F0 /* Build configuration list for PBXNativeTarget "iPhogAminationTests" */ = {
			isa = XCConfigurationList;
			buildConfigurations = (
				4FBB724E1B6370D2009722F0 /* Debug */,
				4FBB724F1B6370D2009722F0 /* Release */,
			);
			defaultConfigurationIsVisible = 0;
			defaultConfigurationName = Release;
		};
/* End XCConfigurationList section */
	};
	rootObject = 4FBB721F1B6370D1009722F0 /* Project object */;
}
